
Microsoft Visual Studio Solution File, Format Version 12.00
# Visual Studio 15
VisualStudioVersion = 15.0.28307.421
MinimumVisualStudioVersion = 10.0.40219.1
Project("{FAE04EC0-301F-11D3-BF4B-00C04F79EFBC}") = "DemoGradient.Android", "DemoGradient\DemoGradient.Android\DemoGradient.Android.csproj", "{77F43E62-5816-41B4-AEF6-7F6D67309011}"
EndProject
Project("{FAE04EC0-301F-11D3-BF4B-00C04F79EFBC}") = "DemoGradient.iOS", "DemoGradient\DemoGradient.iOS\DemoGradient.iOS.csproj", "{6CE26F15-2BD0-4E6F-8BE6-AD0E218A75DE}"
EndProject
Project("{FAE04EC0-301F-11D3-BF4B-00C04F79EFBC}") = "DemoGradient", "DemoGradient\DemoGradient\DemoGradient.csproj", "{C708DB15-1926-4539-9D90-1C980951C8AF}"
EndProject
Global
	GlobalSection(SolutionConfigurationPlatforms) = preSolution
		Ad-Hoc|Any CPU = Ad-Hoc|Any CPU
		Ad-Hoc|iPhone = Ad-Hoc|iPhone
		Ad-Hoc|iPhoneSimulator = Ad-Hoc|iPhoneSimulator
		AppStore|Any CPU = AppStore|Any CPU
		AppStore|iPhone = AppStore|iPhone
		AppStore|iPhoneSimulator = AppStore|iPhoneSimulator
		Debug|Any CPU = Debug|Any CPU
		Debug|iPhone = Debug|iPhone
		Debug|iPhoneSimulator = Debug|iPhoneSimulator
		Release|Any CPU = Release|Any CPU
		Release|iPhone = Release|iPhone
		Release|iPhoneSimulator = Release|iPhoneSimulator
	EndGlobalSection
	GlobalSection(ProjectConfigurationPlatforms) = postSolution
		{77F43E62-5816-41B4-AEF6-7F6D67309011}.Ad-Hoc|Any CPU.ActiveCfg = Release|Any CPU
		{77F43E62-5816-41B4-AEF6-7F6D67309011}.Ad-Hoc|Any CPU.Build.0 = Release|Any CPU
		{77F43E62-5816-41B4-AEF6-7F6D67309011}.Ad-Hoc|Any CPU.Deploy.0 = Release|Any CPU
		{77F43E62-5816-41B4-AEF6-7F6D67309011}.Ad-Hoc|iPhone.ActiveCfg = Release|Any CPU
		{77F43E62-5816-41B4-AEF6-7F6D67309011}.Ad-Hoc|iPhone.Build.0 = Release|Any CPU
		{77F43E62-5816-41B4-AEF6-7F6D67309011}.Ad-Hoc|iPhone.Deploy.0 = Release|Any CPU
		{77F43E62-5816-41B4-AEF6-7F6D67309011}.Ad-Hoc|iPhoneSimulator.ActiveCfg = Release|Any CPU
		{77F43E62-5816-41B4-AEF6-7F6D67309011}.Ad-Hoc|iPhoneSimulator.Build.0 = Release|Any CPU
		{77F43E62-5816-41B4-AEF6-7F6D67309011}.Ad-Hoc|iPhoneSimulator.Deploy.0 = Release|Any CPU
		{77F43E62-5816-41B4-AEF6-7F6D67309011}.AppStore|Any CPU.ActiveCfg = Release|Any CPU
		{77F43E62-5816-41B4-AEF6-7F6D67309011}.AppStore|Any CPU.Build.0 = Release|Any CPU
		{77F43E62-5816-41B4-AEF6-7F6D67309011}.AppStore|Any CPU.Deploy.0 = Release|Any CPU
		{77F43E62-5816-41B4-AEF6-7F6D67309011}.AppStore|iPhone.ActiveCfg = Release|Any CPU
		{77F43E62-5816-41B4-AEF6-7F6D67309011}.AppStore|iPhone.Build.0 = Release|Any CPU
		{77F43E62-5816-41B4-AEF6-7F6D67309011}.AppStore|iPhone.Deploy.0 = Release|Any CPU
		{77F43E62-5816-41B4-AEF6-7F6D67309011}.AppStore|iPhoneSimulator.ActiveCfg = Release|Any CPU
		{77F43E62-5816-41B4-AEF6-7F6D67309011}.AppStore|iPhoneSimulator.Build.0 = Release|Any CPU
		{77F43E62-5816-41B4-AEF6-7F6D67309011}.AppStore|iPhoneSimulator.Deploy.0 = Release|Any CPU
		{77F43E62-5816-41B4-AEF6-7F6D67309011}.Debug|Any CPU.ActiveCfg = Debug|Any CPU
		{77F43E62-5816-41B4-AEF6-7F6D67309011}.Debug|Any CPU.Build.0 = Debug|Any CPU
		{77F43E62-5816-41B4-AEF6-7F6D67309011}.Debug|Any CPU.Deploy.0 = Debug|Any CPU
		{77F43E62-5816-41B4-AEF6-7F6D67309011}.Debug|iPhone.ActiveCfg = Debug|Any CPU
		{77F43E62-5816-41B4-AEF6-7F6D67309011}.Debug|iPhone.Build.0 = Debug|Any CPU
		{77F43E62-5816-41B4-AEF6-7F6D67309011}.Debug|iPhone.Deploy.0 = Debug|Any CPU
		{77F43E62-5816-41B4-AEF6-7F6D67309011}.Debug|iPhoneSimulator.ActiveCfg = Debug|Any CPU
		{77F43E62-5816-41B4-AEF6-7F6D67309011}.Debug|iPhoneSimulator.Build.0 = Debug|Any CPU
		{77F43E62-5816-41B4-AEF6-7F6D67309011}.Debug|iPhoneSimulator.Deploy.0 = Debug|Any CPU
		{77F43E62-5816-41B4-AEF6-7F6D67309011}.Release|Any CPU.ActiveCfg = Release|Any CPU
		{77F43E62-5816-41B4-AEF6-7F6D67309011}.Release|Any CPU.Build.0 = Release|Any CPU
		{77F43E62-5816-41B4-AEF6-7F6D67309011}.Release|Any CPU.Deploy.0 = Release|Any CPU
		{77F43E62-5816-41B4-AEF6-7F6D67309011}.Release|iPhone.ActiveCfg = Release|Any CPU
		{77F43E62-5816-41B4-AEF6-7F6D67309011}.Release|iPhone.Build.0 = Release|Any CPU
		{77F43E62-5816-41B4-AEF6-7F6D67309011}.Release|iPhone.Deploy.0 = Release|Any CPU
		{77F43E62-5816-41B4-AEF6-7F6D67309011}.Release|iPhoneSimulator.ActiveCfg = Release|Any CPU
		{77F43E62-5816-41B4-AEF6-7F6D67309011}.Release|iPhoneSimulator.Build.0 = Release|Any CPU
		{77F43E62-5816-41B4-AEF6-7F6D67309011}.Release|iPhoneSimulator.Deploy.0 = Release|Any CPU
		{6CE26F15-2BD0-4E6F-8BE6-AD0E218A75DE}.Ad-Hoc|Any CPU.ActiveCfg = Ad-Hoc|iPhone
		{6CE26F15-2BD0-4E6F-8BE6-AD0E218A75DE}.Ad-Hoc|Any CPU.Build.0 = Ad-Hoc|iPhone
		{6CE26F15-2BD0-4E6F-8BE6-AD0E218A75DE}.Ad-Hoc|Any CPU.Deploy.0 = Ad-Hoc|iPhone
		{6CE26F15-2BD0-4E6F-8BE6-AD0E218A75DE}.Ad-Hoc|iPhone.ActiveCfg = Ad-Hoc|iPhone
		{6CE26F15-2BD0-4E6F-8BE6-AD0E218A75DE}.Ad-Hoc|iPhone.Build.0 = Ad-Hoc|iPhone
		{6CE26F15-2BD0-4E6F-8BE6-AD0E218A75DE}.Ad-Hoc|iPhone.Deploy.0 = Ad-Hoc|iPhone
		{6CE26F15-2BD0-4E6F-8BE6-AD0E218A75DE}.Ad-Hoc|iPhoneSimulator.ActiveCfg = Ad-Hoc|iPhoneSimulator
		{6CE26F15-2BD0-4E6F-8BE6-AD0E218A75DE}.Ad-Hoc|iPhoneSimulator.Build.0 = Ad-Hoc|iPhoneSimulator
		{6CE26F15-2BD0-4E6F-8BE6-AD0E218A75DE}.Ad-Hoc|iPhoneSimulator.Deploy.0 = Ad-Hoc|iPhoneSimulator
		{6CE26F15-2BD0-4E6F-8BE6-AD0E218A75DE}.AppStore|Any CPU.ActiveCfg = AppStore|iPhone
		{6CE26F15-2BD0-4E6F-8BE6-AD0E218A75DE}.AppStore|Any CPU.Build.0 = AppStore|iPhone
		{6CE26F15-2BD0-4E6F-8BE6-AD0E218A75DE}.AppStore|Any CPU.Deploy.0 = AppStore|iPhone
		{6CE26F15-2BD0-4E6F-8BE6-AD0E218A75DE}.AppStore|iPhone.ActiveCfg = AppStore|iPhone
		{6CE26F15-2BD0-4E6F-8BE6-AD0E218A75DE}.AppStore|iPhone.Build.0 = AppStore|iPhone
		{6CE26F15-2BD0-4E6F-8BE6-AD0E218A75DE}.AppStore|iPhone.Deploy.0 = AppStore|iPhone
		{6CE26F15-2BD0-4E6F-8BE6-AD0E218A75DE}.AppStore|iPhoneSimulator.ActiveCfg = AppStore|iPhoneSimulator
		{6CE26F15-2BD0-4E6F-8BE6-AD0E218A75DE}.AppStore|iPhoneSimulator.Build.0 = AppStore|iPhoneSimulator
		{6CE26F15-2BD0-4E6F-8BE6-AD0E218A75DE}.AppStore|iPhoneSimulator.Deploy.0 = AppStore|iPhoneSimulator
		{6CE26F15-2BD0-4E6F-8BE6-AD0E218A75DE}.Debug|Any CPU.ActiveCfg = Debug|iPhoneSimulator
		{6CE26F15-2BD0-4E6F-8BE6-AD0E218A75DE}.Debug|Any CPU.Build.0 = Debug|iPhoneSimulator
		{6CE26F15-2BD0-4E6F-8BE6-AD0E218A75DE}.Debug|Any CPU.Deploy.0 = Debug|iPhoneSimulator
		{6CE26F15-2BD0-4E6F-8BE6-AD0E218A75DE}.Debug|iPhone.ActiveCfg = Debug|iPhone
		{6CE26F15-2BD0-4E6F-8BE6-AD0E218A75DE}.Debug|iPhone.Build.0 = Debug|iPhone
		{6CE26F15-2BD0-4E6F-8BE6-AD0E218A75DE}.Debug|iPhone.Deploy.0 = Debug|iPhone
		{6CE26F15-2BD0-4E6F-8BE6-AD0E218A75DE}.Debug|iPhoneSimulator.ActiveCfg = Debug|iPhoneSimulator
		{6CE26F15-2BD0-4E6F-8BE6-AD0E218A75DE}.Debug|iPhoneSimulator.Build.0 = Debug|iPhoneSimulator
		{6CE26F15-2BD0-4E6F-8BE6-AD0E218A75DE}.Debug|iPhoneSimulator.Deploy.0 = Debug|iPhoneSimulator
		{6CE26F15-2BD0-4E6F-8BE6-AD0E218A75DE}.Release|Any CPU.ActiveCfg = Release|iPhone
		{6CE26F15-2BD0-4E6F-8BE6-AD0E218A75DE}.Release|Any CPU.Build.0 = Release|iPhone
		{6CE26F15-2BD0-4E6F-8BE6-AD0E218A75DE}.Release|Any CPU.Deploy.0 = Release|iPhone
		{6CE26F15-2BD0-4E6F-8BE6-AD0E218A75DE}.Release|iPhone.ActiveCfg = Release|iPhone
		{6CE26F15-2BD0-4E6F-8BE6-AD0E218A75DE}.Release|iPhone.Build.0 = Release|iPhone
		{6CE26F15-2BD0-4E6F-8BE6-AD0E218A75DE}.Release|iPhone.Deploy.0 = Release|iPhone
		{6CE26F15-2BD0-4E6F-8BE6-AD0E218A75DE}.Release|iPhoneSimulator.ActiveCfg = Release|iPhoneSimulator
		{6CE26F15-2BD0-4E6F-8BE6-AD0E218A75DE}.Release|iPhoneSimulator.Build.0 = Release|iPhoneSimulator
		{6CE26F15-2BD0-4E6F-8BE6-AD0E218A75DE}.Release|iPhoneSimulator.Deploy.0 = Release|iPhoneSimulator
		{C708DB15-1926-4539-9D90-1C980951C8AF}.Ad-Hoc|Any CPU.ActiveCfg = Debug|Any CPU
		{C708DB15-1926-4539-9D90-1C980951C8AF}.Ad-Hoc|Any CPU.Build.0 = Debug|Any CPU
		{C708DB15-1926-4539-9D90-1C980951C8AF}.Ad-Hoc|Any CPU.Deploy.0 = Debug|Any CPU
		{C708DB15-1926-4539-9D90-1C980951C8AF}.Ad-Hoc|iPhone.ActiveCfg = Debug|Any CPU
		{C708DB15-1926-4539-9D90-1C980951C8AF}.Ad-Hoc|iPhone.Build.0 = Debug|Any CPU
		{C708DB15-1926-4539-9D90-1C980951C8AF}.Ad-Hoc|iPhone.Deploy.0 = Debug|Any CPU
		{C708DB15-1926-4539-9D90-1C980951C8AF}.Ad-Hoc|iPhoneSimulator.ActiveCfg = Debug|Any CPU
		{C708DB15-1926-4539-9D90-1C980951C8AF}.Ad-Hoc|iPhoneSimulator.Build.0 = Debug|Any CPU
		{C708DB15-1926-4539-9D90-1C980951C8AF}.Ad-Hoc|iPhoneSimulator.Deploy.0 = Debug|Any CPU
		{C708DB15-1926-4539-9D90-1C980951C8AF}.AppStore|Any CPU.ActiveCfg = Debug|Any CPU
		{C708DB15-1926-4539-9D90-1C980951C8AF}.AppStore|Any CPU.Build.0 = Debug|Any CPU
		{C708DB15-1926-4539-9D90-1C980951C8AF}.AppStore|Any CPU.Deploy.0 = Debug|Any CPU
		{C708DB15-1926-4539-9D90-1C980951C8AF}.AppStore|iPhone.ActiveCfg = Debug|Any CPU
		{C708DB15-1926-4539-9D90-1C980951C8AF}.AppStore|iPhone.Build.0 = Debug|Any CPU
		{C708DB15-1926-4539-9D90-1C980951C8AF}.AppStore|iPhone.Deploy.0 = Debug|Any CPU
		{C708DB15-1926-4539-9D90-1C980951C8AF}.AppStore|iPhoneSimulator.ActiveCfg = Debug|Any CPU
		{C708DB15-1926-4539-9D90-1C980951C8AF}.AppStore|iPhoneSimulator.Build.0 = Debug|Any CPU
		{C708DB15-1926-4539-9D90-1C980951C8AF}.AppStore|iPhoneSimulator.Deploy.0 = Debug|Any CPU
		{C708DB15-1926-4539-9D90-1C980951C8AF}.Debug|Any CPU.ActiveCfg = Debug|Any CPU
		{C708DB15-1926-4539-9D90-1C980951C8AF}.Debug|Any CPU.Build.0 = Debug|Any CPU
		{C708DB15-1926-4539-9D90-1C980951C8AF}.Debug|Any CPU.Deploy.0 = Debug|Any CPU
		{C708DB15-1926-4539-9D90-1C980951C8AF}.Debug|iPhone.ActiveCfg = Debug|Any CPU
		{C708DB15-1926-4539-9D90-1C980951C8AF}.Debug|iPhone.Build.0 = Debug|Any CPU
		{C708DB15-1926-4539-9D90-1C980951C8AF}.Debug|iPhone.Deploy.0 = Debug|Any CPU
		{C708DB15-1926-4539-9D90-1C980951C8AF}.Debug|iPhoneSimulator.ActiveCfg = Debug|Any CPU
		{C708DB15-1926-4539-9D90-1C980951C8AF}.Debug|iPhoneSimulator.Build.0 = Debug|Any CPU
		{C708DB15-1926-4539-9D90-1C980951C8AF}.Debug|iPhoneSimulator.Deploy.0 = Debug|Any CPU
		{C708DB15-1926-4539-9D90-1C980951C8AF}.Release|Any CPU.ActiveCfg = Release|Any CPU
		{C708DB15-1926-4539-9D90-1C980951C8AF}.Release|Any CPU.Build.0 = Release|Any CPU
		{C708DB15-1926-4539-9D90-1C980951C8AF}.Release|Any CPU.Deploy.0 = Release|Any CPU
		{C708DB15-1926-4539-9D90-1C980951C8AF}.Release|iPhone.ActiveCfg = Release|Any CPU
		{C708DB15-1926-4539-9D90-1C980951C8AF}.Release|iPhone.Build.0 = Release|Any CPU
		{C708DB15-1926-4539-9D90-1C980951C8AF}.Release|iPhone.Deploy.0 = Release|Any CPU
		{C708DB15-1926-4539-9D90-1C980951C8AF}.Release|iPhoneSimulator.ActiveCfg = Release|Any CPU
		{C708DB15-1926-4539-9D90-1C980951C8AF}.Release|iPhoneSimulator.Build.0 = Release|Any CPU
		{C708DB15-1926-4539-9D90-1C980951C8AF}.Release|iPhoneSimulator.Deploy.0 = Release|Any CPU
	EndGlobalSection
	GlobalSection(SolutionProperties) = preSolution
		HideSolutionNode = FALSE
	EndGlobalSection
	GlobalSection(ExtensibilityGlobals) = postSolution
		SolutionGuid = {23A4527C-0978-402D-B423-1DD9039DED4D}
	EndGlobalSection
EndGlobal
